
Microsoft Visual Studio Solution File, Format Version 12.00
# Visual Studio 15
VisualStudioVersion = 15.0.33529.398
MinimumVisualStudioVersion = 10.0.40219.1
Project("{D2ABAB84-BF74-430A-B69E-9DC6D40DDA17}") = "Group15-D2", "Group15-D2\Group15-D2.dwproj", "{FB770317-BEB0-4867-AE9E-E637806B84FA}"
EndProject
Global
	GlobalSection(SolutionConfigurationPlatforms) = preSolution
		Development|Default = Development|Default
	EndGlobalSection
	GlobalSection(ProjectConfigurationPlatforms) = postSolution
		{FB770317-BEB0-4867-AE9E-E637806B84FA}.Development|Default.ActiveCfg = Development
		{FB770317-BEB0-4867-AE9E-E637806B84FA}.Development|Default.Build.0 = Development
		{FB770317-BEB0-4867-AE9E-E637806B84FA}.Development|Default.Deploy.0 = Development
	EndGlobalSection
	GlobalSection(SolutionProperties) = preSolution
		HideSolutionNode = FALSE
	EndGlobalSection
	GlobalSection(ExtensibilityGlobals) = postSolution
		SolutionGuid = {D36B22D3-C64F-4DE4-A6CB-99E198E440D0}
	EndGlobalSection
EndGlobal
